
Microsoft Visual Studio Solution File, Format Version 12.00
# Visual Studio 15
VisualStudioVersion = 15.0.28307.271
MinimumVisualStudioVersion = 10.0.40219.1
Project("{FAE04EC0-301F-11D3-BF4B-00C04F79EFBC}") = "Worker", "Worker\Worker.csproj", "{73144862-1FFA-4FCC-9C5D-336801E844C3}"
EndProject
Global
	GlobalSection(SolutionConfigurationPlatforms) = preSolution
		Debug|Any CPU = Debug|Any CPU
		Release|Any CPU = Release|Any CPU
	EndGlobalSection
	GlobalSection(ProjectConfigurationPlatforms) = postSolution
		{73144862-1FFA-4FCC-9C5D-336801E844C3}.Debug|Any CPU.ActiveCfg = Debug|Any CPU
		{73144862-1FFA-4FCC-9C5D-336801E844C3}.Debug|Any CPU.Build.0 = Debug|Any CPU
		{73144862-1FFA-4FCC-9C5D-336801E844C3}.Release|Any CPU.ActiveCfg = Release|Any CPU
		{73144862-1FFA-4FCC-9C5D-336801E844C3}.Release|Any CPU.Build.0 = Release|Any CPU
	EndGlobalSection
	GlobalSection(SolutionProperties) = preSolution
		HideSolutionNode = FALSE
	EndGlobalSection
	GlobalSection(ExtensibilityGlobals) = postSolution
		SolutionGuid = {CCA115C2-6208-4A9E-A17F-25CB6A56B9F6}
	EndGlobalSection
EndGlobal
